// !$*UTF8*$!
{
	archiveVersion = 1;
	classes = {
	};
	objectVersion = 48;
	objects = {

/* Begin PBXBuildFile section */
		376F5F7CB0BD6684C19E0396 /* Pods_DevScan.framework in Frameworks */ = {isa = PBXBuildFile; fileRef = FC8A72E62AA30483E859AF77 /* Pods_DevScan.framework */; };
		6556DD6D1FE0B6C9002AA4EA /* SettingsViewController.swift in Sources */ = {isa = PBXBuildFile; fileRef = 6556DD6C1FE0B6C9002AA4EA /* SettingsViewController.swift */; };
		6556DD701FE0C51E002AA4EA /* ScanHistoryTableViewCell.swift in Sources */ = {isa = PBXBuildFile; fileRef = 6556DD6F1FE0C51E002AA4EA /* ScanHistoryTableViewCell.swift */; };
		655939B21FDFC13E00E1031C /* AppDelegate.swift in Sources */ = {isa = PBXBuildFile; fileRef = 655939B11FDFC13E00E1031C /* AppDelegate.swift */; };
		655939B51FDFC13E00E1031C /* DevScan.xcdatamodeld in Sources */ = {isa = PBXBuildFile; fileRef = 655939B31FDFC13E00E1031C /* DevScan.xcdatamodeld */; };
		655939BE1FDFC13E00E1031C /* Assets.xcassets in Resources */ = {isa = PBXBuildFile; fileRef = 655939BD1FDFC13E00E1031C /* Assets.xcassets */; };
		655939C11FDFC13E00E1031C /* LaunchScreen.storyboard in Resources */ = {isa = PBXBuildFile; fileRef = 655939BF1FDFC13E00E1031C /* LaunchScreen.storyboard */; };
		655939C91FDFC1A700E1031C /* ScanHistoryViewController.swift in Sources */ = {isa = PBXBuildFile; fileRef = 655939C81FDFC1A700E1031C /* ScanHistoryViewController.swift */; };
		655939CB1FDFC34500E1031C /* ScanViewController.swift in Sources */ = {isa = PBXBuildFile; fileRef = 655939CA1FDFC34500E1031C /* ScanViewController.swift */; };
		655939CE1FDFDAF600E1031C /* CoreDataCenter.swift in Sources */ = {isa = PBXBuildFile; fileRef = 655939CD1FDFDAF600E1031C /* CoreDataCenter.swift */; };
		65705D2B1FE266F50048D062 /* ScanDetailFactory.swift in Sources */ = {isa = PBXBuildFile; fileRef = 65705D2A1FE266F50048D062 /* ScanDetailFactory.swift */; };
		65705D2E1FE269F10048D062 /* ScanQRCodeDetailViewController.swift in Sources */ = {isa = PBXBuildFile; fileRef = 65705D2D1FE269F10048D062 /* ScanQRCodeDetailViewController.swift */; };
		65705D321FE373580048D062 /* ScanDetailContentTableViewCell.swift in Sources */ = {isa = PBXBuildFile; fileRef = 65705D311FE373580048D062 /* ScanDetailContentTableViewCell.swift */; };
		657ADBA51FDFF52B00EC60FB /* AboutViewController.swift in Sources */ = {isa = PBXBuildFile; fileRef = 657ADBA41FDFF52B00EC60FB /* AboutViewController.swift */; };
		65C9D7481FE3C88B002EF1FD /* ScanBarCodeDetailViewController.swift in Sources */ = {isa = PBXBuildFile; fileRef = 65C9D7471FE3C88B002EF1FD /* ScanBarCodeDetailViewController.swift */; };
		65C9D74A1FE3CE5D002EF1FD /* ScanFaceDetailViewController.swift in Sources */ = {isa = PBXBuildFile; fileRef = 65C9D7491FE3CE5D002EF1FD /* ScanFaceDetailViewController.swift */; };
		65C9D7641FE75600002EF1FD /* RSEANGenerator.swift in Sources */ = {isa = PBXBuildFile; fileRef = 65C9D74D1FE75600002EF1FD /* RSEANGenerator.swift */; };
		65C9D7651FE75600002EF1FD /* RSUnifiedCodeValidator.swift in Sources */ = {isa = PBXBuildFile; fileRef = 65C9D74E1FE75600002EF1FD /* RSUnifiedCodeValidator.swift */; };
		65C9D7661FE75600002EF1FD /* UIColorExtension.swift in Sources */ = {isa = PBXBuildFile; fileRef = 65C9D74F1FE75600002EF1FD /* UIColorExtension.swift */; };
		65C9D7671FE75600002EF1FD /* RSCode39Mod43Generator.swift in Sources */ = {isa = PBXBuildFile; fileRef = 65C9D7501FE75600002EF1FD /* RSCode39Mod43Generator.swift */; };
		65C9D7681FE75600002EF1FD /* RSCode39Generator.swift in Sources */ = {isa = PBXBuildFile; fileRef = 65C9D7511FE75600002EF1FD /* RSCode39Generator.swift */; };
		65C9D7691FE75600002EF1FD /* RSCodeReaderViewController.swift in Sources */ = {isa = PBXBuildFile; fileRef = 65C9D7521FE75600002EF1FD /* RSCodeReaderViewController.swift */; };
		65C9D76A1FE75600002EF1FD /* RSITF14Generator.swift in Sources */ = {isa = PBXBuildFile; fileRef = 65C9D7531FE75600002EF1FD /* RSITF14Generator.swift */; };
		65C9D76B1FE75600002EF1FD /* RSCodeGenerator.swift in Sources */ = {isa = PBXBuildFile; fileRef = 65C9D7551FE75600002EF1FD /* RSCodeGenerator.swift */; };
		65C9D76C1FE75600002EF1FD /* RSCodeDataMatrixGenerator.swift in Sources */ = {isa = PBXBuildFile; fileRef = 65C9D7561FE75600002EF1FD /* RSCodeDataMatrixGenerator.swift */; };
		65C9D76D1FE75600002EF1FD /* RSCode128Generator.swift in Sources */ = {isa = PBXBuildFile; fileRef = 65C9D7581FE75600002EF1FD /* RSCode128Generator.swift */; };
		65C9D76E1FE75600002EF1FD /* RSUnifiedCodeGenerator.swift in Sources */ = {isa = PBXBuildFile; fileRef = 65C9D7591FE75600002EF1FD /* RSUnifiedCodeGenerator.swift */; };
		65C9D76F1FE75600002EF1FD /* RSCodeLayer.swift in Sources */ = {isa = PBXBuildFile; fileRef = 65C9D75A1FE75600002EF1FD /* RSCodeLayer.swift */; };
		65C9D7701FE75600002EF1FD /* RSCornersLayer.swift in Sources */ = {isa = PBXBuildFile; fileRef = 65C9D75B1FE75600002EF1FD /* RSCornersLayer.swift */; };
		65C9D7711FE75600002EF1FD /* RSUPCEGenerator.swift in Sources */ = {isa = PBXBuildFile; fileRef = 65C9D75C1FE75600002EF1FD /* RSUPCEGenerator.swift */; };
		65C9D7721FE75600002EF1FD /* RSCode93Generator.swift in Sources */ = {isa = PBXBuildFile; fileRef = 65C9D75D1FE75600002EF1FD /* RSCode93Generator.swift */; };
		65C9D7731FE75600002EF1FD /* RSFocusMarkLayer.swift in Sources */ = {isa = PBXBuildFile; fileRef = 65C9D75E1FE75600002EF1FD /* RSFocusMarkLayer.swift */; };
		65C9D7741FE75600002EF1FD /* StringExtension.swift in Sources */ = {isa = PBXBuildFile; fileRef = 65C9D75F1FE75600002EF1FD /* StringExtension.swift */; };
		65C9D7751FE75600002EF1FD /* RSExtendedCode39Generator.swift in Sources */ = {isa = PBXBuildFile; fileRef = 65C9D7601FE75600002EF1FD /* RSExtendedCode39Generator.swift */; };
		65C9D7771FE75600002EF1FD /* RSITFGenerator.swift in Sources */ = {isa = PBXBuildFile; fileRef = 65C9D7621FE75600002EF1FD /* RSITFGenerator.swift */; };
/* End PBXBuildFile section */

/* Begin PBXFileReference section */
		0319923CC21B541E5A8EBD98 /* Pods-DevScan.release.xcconfig */ = {isa = PBXFileReference; includeInIndex = 1; lastKnownFileType = text.xcconfig; name = "Pods-DevScan.release.xcconfig"; path = "Pods/Target Support Files/Pods-DevScan/Pods-DevScan.release.xcconfig"; sourceTree = "<group>"; };
		356CFDC9577DBC67487E5064 /* Pods-DevScan.debug.xcconfig */ = {isa = PBXFileReference; includeInIndex = 1; lastKnownFileType = text.xcconfig; name = "Pods-DevScan.debug.xcconfig"; path = "Pods/Target Support Files/Pods-DevScan/Pods-DevScan.debug.xcconfig"; sourceTree = "<group>"; };
		6556DD6C1FE0B6C9002AA4EA /* SettingsViewController.swift */ = {isa = PBXFileReference; lastKnownFileType = sourcecode.swift; path = SettingsViewController.swift; sourceTree = "<group>"; };
		6556DD6E1FE0C1BD002AA4EA /* zh-Hans */ = {isa = PBXFileReference; lastKnownFileType = text.plist.strings; name = "zh-Hans"; path = "zh-Hans.lproj/LaunchScreen.strings"; sourceTree = "<group>"; };
		6556DD6F1FE0C51E002AA4EA /* ScanHistoryTableViewCell.swift */ = {isa = PBXFileReference; lastKnownFileType = sourcecode.swift; path = ScanHistoryTableViewCell.swift; sourceTree = "<group>"; };
		655939AE1FDFC13E00E1031C /* DevScan.app */ = {isa = PBXFileReference; explicitFileType = wrapper.application; includeInIndex = 0; path = DevScan.app; sourceTree = BUILT_PRODUCTS_DIR; };
		655939B11FDFC13E00E1031C /* AppDelegate.swift */ = {isa = PBXFileReference; lastKnownFileType = sourcecode.swift; path = AppDelegate.swift; sourceTree = "<group>"; };
		655939B41FDFC13E00E1031C /* DevScan.xcdatamodel */ = {isa = PBXFileReference; lastKnownFileType = wrapper.xcdatamodel; path = DevScan.xcdatamodel; sourceTree = "<group>"; };
		655939BD1FDFC13E00E1031C /* Assets.xcassets */ = {isa = PBXFileReference; lastKnownFileType = folder.assetcatalog; path = Assets.xcassets; sourceTree = "<group>"; };
		655939C01FDFC13E00E1031C /* Base */ = {isa = PBXFileReference; lastKnownFileType = file.storyboard; name = Base; path = Base.lproj/LaunchScreen.storyboard; sourceTree = "<group>"; };
		655939C21FDFC13E00E1031C /* Info.plist */ = {isa = PBXFileReference; lastKnownFileType = text.plist.xml; path = Info.plist; sourceTree = "<group>"; };
		655939C81FDFC1A700E1031C /* ScanHistoryViewController.swift */ = {isa = PBXFileReference; lastKnownFileType = sourcecode.swift; path = ScanHistoryViewController.swift; sourceTree = "<group>"; };
		655939CA1FDFC34500E1031C /* ScanViewController.swift */ = {isa = PBXFileReference; lastKnownFileType = sourcecode.swift; path = ScanViewController.swift; sourceTree = "<group>"; };
		655939CD1FDFDAF600E1031C /* CoreDataCenter.swift */ = {isa = PBXFileReference; lastKnownFileType = sourcecode.swift; path = CoreDataCenter.swift; sourceTree = "<group>"; };
		65705D2A1FE266F50048D062 /* ScanDetailFactory.swift */ = {isa = PBXFileReference; lastKnownFileType = sourcecode.swift; path = ScanDetailFactory.swift; sourceTree = "<group>"; };
		65705D2D1FE269F10048D062 /* ScanQRCodeDetailViewController.swift */ = {isa = PBXFileReference; lastKnownFileType = sourcecode.swift; path = ScanQRCodeDetailViewController.swift; sourceTree = "<group>"; };
		65705D311FE373580048D062 /* ScanDetailContentTableViewCell.swift */ = {isa = PBXFileReference; lastKnownFileType = sourcecode.swift; path = ScanDetailContentTableViewCell.swift; sourceTree = "<group>"; };
		657ADBA41FDFF52B00EC60FB /* AboutViewController.swift */ = {isa = PBXFileReference; lastKnownFileType = sourcecode.swift; path = AboutViewController.swift; sourceTree = "<group>"; };
		65C9D7471FE3C88B002EF1FD /* ScanBarCodeDetailViewController.swift */ = {isa = PBXFileReference; lastKnownFileType = sourcecode.swift; path = ScanBarCodeDetailViewController.swift; sourceTree = "<group>"; };
		65C9D7491FE3CE5D002EF1FD /* ScanFaceDetailViewController.swift */ = {isa = PBXFileReference; lastKnownFileType = sourcecode.swift; path = ScanFaceDetailViewController.swift; sourceTree = "<group>"; };
		65C9D74D1FE75600002EF1FD /* RSEANGenerator.swift */ = {isa = PBXFileReference; fileEncoding = 4; lastKnownFileType = sourcecode.swift; path = RSEANGenerator.swift; sourceTree = "<group>"; };
		65C9D74E1FE75600002EF1FD /* RSUnifiedCodeValidator.swift */ = {isa = PBXFileReference; fileEncoding = 4; lastKnownFileType = sourcecode.swift; path = RSUnifiedCodeValidator.swift; sourceTree = "<group>"; };
		65C9D74F1FE75600002EF1FD /* UIColorExtension.swift */ = {isa = PBXFileReference; fileEncoding = 4; lastKnownFileType = sourcecode.swift; path = UIColorExtension.swift; sourceTree = "<group>"; };
		65C9D7501FE75600002EF1FD /* RSCode39Mod43Generator.swift */ = {isa = PBXFileReference; fileEncoding = 4; lastKnownFileType = sourcecode.swift; path = RSCode39Mod43Generator.swift; sourceTree = "<group>"; };
		65C9D7511FE75600002EF1FD /* RSCode39Generator.swift */ = {isa = PBXFileReference; fileEncoding = 4; lastKnownFileType = sourcecode.swift; path = RSCode39Generator.swift; sourceTree = "<group>"; };
		65C9D7521FE75600002EF1FD /* RSCodeReaderViewController.swift */ = {isa = PBXFileReference; fileEncoding = 4; lastKnownFileType = sourcecode.swift; path = RSCodeReaderViewController.swift; sourceTree = "<group>"; };
		65C9D7531FE75600002EF1FD /* RSITF14Generator.swift */ = {isa = PBXFileReference; fileEncoding = 4; lastKnownFileType = sourcecode.swift; path = RSITF14Generator.swift; sourceTree = "<group>"; };
		65C9D7551FE75600002EF1FD /* RSCodeGenerator.swift */ = {isa = PBXFileReference; fileEncoding = 4; lastKnownFileType = sourcecode.swift; path = RSCodeGenerator.swift; sourceTree = "<group>"; };
		65C9D7561FE75600002EF1FD /* RSCodeDataMatrixGenerator.swift */ = {isa = PBXFileReference; fileEncoding = 4; lastKnownFileType = sourcecode.swift; path = RSCodeDataMatrixGenerator.swift; sourceTree = "<group>"; };
		65C9D7571FE75600002EF1FD /* RSBarcodes-Bridging-Header.h */ = {isa = PBXFileReference; fileEncoding = 4; lastKnownFileType = sourcecode.c.h; path = "RSBarcodes-Bridging-Header.h"; sourceTree = "<group>"; };
		65C9D7581FE75600002EF1FD /* RSCode128Generator.swift */ = {isa = PBXFileReference; fileEncoding = 4; lastKnownFileType = sourcecode.swift; path = RSCode128Generator.swift; sourceTree = "<group>"; };
		65C9D7591FE75600002EF1FD /* RSUnifiedCodeGenerator.swift */ = {isa = PBXFileReference; fileEncoding = 4; lastKnownFileType = sourcecode.swift; path = RSUnifiedCodeGenerator.swift; sourceTree = "<group>"; };
		65C9D75A1FE75600002EF1FD /* RSCodeLayer.swift */ = {isa = PBXFileReference; fileEncoding = 4; lastKnownFileType = sourcecode.swift; path = RSCodeLayer.swift; sourceTree = "<group>"; };
		65C9D75B1FE75600002EF1FD /* RSCornersLayer.swift */ = {isa = PBXFileReference; fileEncoding = 4; lastKnownFileType = sourcecode.swift; path = RSCornersLayer.swift; sourceTree = "<group>"; };
		65C9D75C1FE75600002EF1FD /* RSUPCEGenerator.swift */ = {isa = PBXFileReference; fileEncoding = 4; lastKnownFileType = sourcecode.swift; path = RSUPCEGenerator.swift; sourceTree = "<group>"; };
		65C9D75D1FE75600002EF1FD /* RSCode93Generator.swift */ = {isa = PBXFileReference; fileEncoding = 4; lastKnownFileType = sourcecode.swift; path = RSCode93Generator.swift; sourceTree = "<group>"; };
		65C9D75E1FE75600002EF1FD /* RSFocusMarkLayer.swift */ = {isa = PBXFileReference; fileEncoding = 4; lastKnownFileType = sourcecode.swift; path = RSFocusMarkLayer.swift; sourceTree = "<group>"; };
		65C9D75F1FE75600002EF1FD /* StringExtension.swift */ = {isa = PBXFileReference; fileEncoding = 4; lastKnownFileType = sourcecode.swift; path = StringExtension.swift; sourceTree = "<group>"; };
		65C9D7601FE75600002EF1FD /* RSExtendedCode39Generator.swift */ = {isa = PBXFileReference; fileEncoding = 4; lastKnownFileType = sourcecode.swift; path = RSExtendedCode39Generator.swift; sourceTree = "<group>"; };
		65C9D7621FE75600002EF1FD /* RSITFGenerator.swift */ = {isa = PBXFileReference; fileEncoding = 4; lastKnownFileType = sourcecode.swift; path = RSITFGenerator.swift; sourceTree = "<group>"; };
		FC8A72E62AA30483E859AF77 /* Pods_DevScan.framework */ = {isa = PBXFileReference; explicitFileType = wrapper.framework; includeInIndex = 0; path = Pods_DevScan.framework; sourceTree = BUILT_PRODUCTS_DIR; };
/* End PBXFileReference section */

/* Begin PBXFrameworksBuildPhase section */
		655939AB1FDFC13E00E1031C /* Frameworks */ = {
			isa = PBXFrameworksBuildPhase;
			buildActionMask = 2147483647;
			files = (
				376F5F7CB0BD6684C19E0396 /* Pods_DevScan.framework in Frameworks */,
			);
			runOnlyForDeploymentPostprocessing = 0;
		};
/* End PBXFrameworksBuildPhase section */

/* Begin PBXGroup section */
		536166F79A540DEBA777583A /* Pods */ = {
			isa = PBXGroup;
			children = (
				356CFDC9577DBC67487E5064 /* Pods-DevScan.debug.xcconfig */,
				0319923CC21B541E5A8EBD98 /* Pods-DevScan.release.xcconfig */,
			);
			name = Pods;
			sourceTree = "<group>";
		};
		655939A51FDFC13E00E1031C = {
			isa = PBXGroup;
			children = (
				655939B01FDFC13E00E1031C /* DevScan */,
				655939AF1FDFC13E00E1031C /* Products */,
				536166F79A540DEBA777583A /* Pods */,
				F5D0C1E476E419F6C6581515 /* Frameworks */,
			);
			sourceTree = "<group>";
		};
		655939AF1FDFC13E00E1031C /* Products */ = {
			isa = PBXGroup;
			children = (
				655939AE1FDFC13E00E1031C /* DevScan.app */,
			);
			name = Products;
			sourceTree = "<group>";
		};
		655939B01FDFC13E00E1031C /* DevScan */ = {
			isa = PBXGroup;
			children = (
				65C9D74B1FE755C0002EF1FD /* Third */,
				655939B11FDFC13E00E1031C /* AppDelegate.swift */,
				655939C81FDFC1A700E1031C /* ScanHistoryViewController.swift */,
				6556DD6F1FE0C51E002AA4EA /* ScanHistoryTableViewCell.swift */,
				655939CA1FDFC34500E1031C /* ScanViewController.swift */,
				6556DD6C1FE0B6C9002AA4EA /* SettingsViewController.swift */,
				65705D2C1FE2696B0048D062 /* ScanDetailController */,
				655939CC1FDFDAD700E1031C /* DB */,
				65F7DB1B1FE139D3009562F3 /* About */,
				655939BD1FDFC13E00E1031C /* Assets.xcassets */,
				655939BF1FDFC13E00E1031C /* LaunchScreen.storyboard */,
				655939C21FDFC13E00E1031C /* Info.plist */,
				655939B31FDFC13E00E1031C /* DevScan.xcdatamodeld */,
			);
			path = DevScan;
			sourceTree = "<group>";
		};
		655939CC1FDFDAD700E1031C /* DB */ = {
			isa = PBXGroup;
			children = (
				655939CD1FDFDAF600E1031C /* CoreDataCenter.swift */,
			);
			name = DB;
			path = ../../../../rookie/Desktop/DevScan/DevScan/DB;
			sourceTree = "<group>";
		};
		65705D2C1FE2696B0048D062 /* ScanDetailController */ = {
			isa = PBXGroup;
			children = (
				65705D2A1FE266F50048D062 /* ScanDetailFactory.swift */,
				65705D2D1FE269F10048D062 /* ScanQRCodeDetailViewController.swift */,
				65705D311FE373580048D062 /* ScanDetailContentTableViewCell.swift */,
				65C9D7471FE3C88B002EF1FD /* ScanBarCodeDetailViewController.swift */,
				65C9D7491FE3CE5D002EF1FD /* ScanFaceDetailViewController.swift */,
			);
			name = ScanDetailController;
			path = ../../../../rookie/Desktop/DevScan/DevScan/ScanDetailController;
			sourceTree = "<group>";
		};
		65C9D74B1FE755C0002EF1FD /* Third */ = {
			isa = PBXGroup;
			children = (
				65C9D74C1FE75600002EF1FD /* RSBarCodes */,
			);
			path = Third;
			sourceTree = "<group>";
		};
		65C9D74C1FE75600002EF1FD /* RSBarCodes */ = {
			isa = PBXGroup;
			children = (
				65C9D74D1FE75600002EF1FD /* RSEANGenerator.swift */,
				65C9D74E1FE75600002EF1FD /* RSUnifiedCodeValidator.swift */,
				65C9D74F1FE75600002EF1FD /* UIColorExtension.swift */,
				65C9D7501FE75600002EF1FD /* RSCode39Mod43Generator.swift */,
				65C9D7511FE75600002EF1FD /* RSCode39Generator.swift */,
				65C9D7521FE75600002EF1FD /* RSCodeReaderViewController.swift */,
				65C9D7531FE75600002EF1FD /* RSITF14Generator.swift */,
				65C9D7551FE75600002EF1FD /* RSCodeGenerator.swift */,
				65C9D7561FE75600002EF1FD /* RSCodeDataMatrixGenerator.swift */,
				65C9D7571FE75600002EF1FD /* RSBarcodes-Bridging-Header.h */,
				65C9D7581FE75600002EF1FD /* RSCode128Generator.swift */,
				65C9D7591FE75600002EF1FD /* RSUnifiedCodeGenerator.swift */,
				65C9D75A1FE75600002EF1FD /* RSCodeLayer.swift */,
				65C9D75B1FE75600002EF1FD /* RSCornersLayer.swift */,
				65C9D75C1FE75600002EF1FD /* RSUPCEGenerator.swift */,
				65C9D75D1FE75600002EF1FD /* RSCode93Generator.swift */,
				65C9D75E1FE75600002EF1FD /* RSFocusMarkLayer.swift */,
				65C9D75F1FE75600002EF1FD /* StringExtension.swift */,
				65C9D7601FE75600002EF1FD /* RSExtendedCode39Generator.swift */,
				65C9D7621FE75600002EF1FD /* RSITFGenerator.swift */,
			);
			path = RSBarCodes;
			sourceTree = "<group>";
		};
		65F7DB1B1FE139D3009562F3 /* About */ = {
			isa = PBXGroup;
			children = (
				657ADBA41FDFF52B00EC60FB /* AboutViewController.swift */,
			);
			name = About;
			path = ../../../../rookie/Desktop/DevScan/DevScan/About;
			sourceTree = "<group>";
		};
		F5D0C1E476E419F6C6581515 /* Frameworks */ = {
			isa = PBXGroup;
			children = (
				FC8A72E62AA30483E859AF77 /* Pods_DevScan.framework */,
			);
			name = Frameworks;
			sourceTree = "<group>";
		};
/* End PBXGroup section */

/* Begin PBXNativeTarget section */
		655939AD1FDFC13E00E1031C /* DevScan */ = {
			isa = PBXNativeTarget;
			buildConfigurationList = 655939C51FDFC13E00E1031C /* Build configuration list for PBXNativeTarget "DevScan" */;
			buildPhases = (
				FD2F069FBE6422C7C4B8A433 /* [CP] Check Pods Manifest.lock */,
				655939AA1FDFC13E00E1031C /* Sources */,
				655939AB1FDFC13E00E1031C /* Frameworks */,
				655939AC1FDFC13E00E1031C /* Resources */,
				E64121784CE2709F6F357208 /* [CP] Embed Pods Frameworks */,
				9591EECE5D69F9DCAC8A0FE0 /* [CP] Copy Pods Resources */,
			);
			buildRules = (
			);
			dependencies = (
			);
			name = DevScan;
			productName = DevScan;
			productReference = 655939AE1FDFC13E00E1031C /* DevScan.app */;
			productType = "com.apple.product-type.application";
		};
/* End PBXNativeTarget section */

/* Begin PBXProject section */
		655939A61FDFC13E00E1031C /* Project object */ = {
			isa = PBXProject;
			attributes = {
				LastSwiftUpdateCheck = 0920;
				LastUpgradeCheck = 0920;
				ORGANIZATIONNAME = smartrookie;
				TargetAttributes = {
					655939AD1FDFC13E00E1031C = {
						CreatedOnToolsVersion = 9.2;
						ProvisioningStyle = Automatic;
					};
				};
			};
			buildConfigurationList = 655939A91FDFC13E00E1031C /* Build configuration list for PBXProject "DevScan" */;
			compatibilityVersion = "Xcode 8.0";
			developmentRegion = en;
			hasScannedForEncodings = 0;
			knownRegions = (
				en,
				Base,
			);
			mainGroup = 655939A51FDFC13E00E1031C;
			productRefGroup = 655939AF1FDFC13E00E1031C /* Products */;
			projectDirPath = "";
			projectRoot = "";
			targets = (
				655939AD1FDFC13E00E1031C /* DevScan */,
			);
		};
/* End PBXProject section */

/* Begin PBXResourcesBuildPhase section */
		655939AC1FDFC13E00E1031C /* Resources */ = {
			isa = PBXResourcesBuildPhase;
			buildActionMask = 2147483647;
			files = (
				655939C11FDFC13E00E1031C /* LaunchScreen.storyboard in Resources */,
				655939BE1FDFC13E00E1031C /* Assets.xcassets in Resources */,
			);
			runOnlyForDeploymentPostprocessing = 0;
		};
/* End PBXResourcesBuildPhase section */

/* Begin PBXShellScriptBuildPhase section */
		9591EECE5D69F9DCAC8A0FE0 /* [CP] Copy Pods Resources */ = {
			isa = PBXShellScriptBuildPhase;
			buildActionMask = 2147483647;
			files = (
			);
			inputPaths = (
			);
			name = "[CP] Copy Pods Resources";
			outputPaths = (
			);
			runOnlyForDeploymentPostprocessing = 0;
			shellPath = /bin/sh;
			shellScript = "\"${SRCROOT}/Pods/Target Support Files/Pods-DevScan/Pods-DevScan-resources.sh\"\n";
			showEnvVarsInLog = 0;
		};
		E64121784CE2709F6F357208 /* [CP] Embed Pods Frameworks */ = {
			isa = PBXShellScriptBuildPhase;
			buildActionMask = 2147483647;
			files = (
			);
			inputPaths = (
				"${SRCROOT}/Pods/Target Support Files/Pods-DevScan/Pods-DevScan-frameworks.sh",
				"${BUILT_PRODUCTS_DIR}/EFQRCode/EFQRCode.framework",
			);
			name = "[CP] Embed Pods Frameworks";
			outputPaths = (
				"${TARGET_BUILD_DIR}/${FRAMEWORKS_FOLDER_PATH}/EFQRCode.framework",
			);
			runOnlyForDeploymentPostprocessing = 0;
			shellPath = /bin/sh;
			shellScript = "\"${SRCROOT}/Pods/Target Support Files/Pods-DevScan/Pods-DevScan-frameworks.sh\"\n";
			showEnvVarsInLog = 0;
		};
		FD2F069FBE6422C7C4B8A433 /* [CP] Check Pods Manifest.lock */ = {
			isa = PBXShellScriptBuildPhase;
			buildActionMask = 2147483647;
			files = (
			);
			inputPaths = (
				"${PODS_PODFILE_DIR_PATH}/Podfile.lock",
				"${PODS_ROOT}/Manifest.lock",
			);
			name = "[CP] Check Pods Manifest.lock";
			outputPaths = (
				"$(DERIVED_FILE_DIR)/Pods-DevScan-checkManifestLockResult.txt",
			);
			runOnlyForDeploymentPostprocessing = 0;
			shellPath = /bin/sh;
			shellScript = "diff \"${PODS_PODFILE_DIR_PATH}/Podfile.lock\" \"${PODS_ROOT}/Manifest.lock\" > /dev/null\nif [ $? != 0 ] ; then\n    # print error to STDERR\n    echo \"error: The sandbox is not in sync with the Podfile.lock. Run 'pod install' or update your CocoaPods installation.\" >&2\n    exit 1\nfi\n# This output is used by Xcode 'outputs' to avoid re-running this script phase.\necho \"SUCCESS\" > \"${SCRIPT_OUTPUT_FILE_0}\"\n";
			showEnvVarsInLog = 0;
		};
/* End PBXShellScriptBuildPhase section */

/* Begin PBXSourcesBuildPhase section */
		655939AA1FDFC13E00E1031C /* Sources */ = {
			isa = PBXSourcesBuildPhase;
			buildActionMask = 2147483647;
			files = (
				65C9D7661FE75600002EF1FD /* UIColorExtension.swift in Sources */,
				65C9D7741FE75600002EF1FD /* StringExtension.swift in Sources */,
				657ADBA51FDFF52B00EC60FB /* AboutViewController.swift in Sources */,
				65C9D7731FE75600002EF1FD /* RSFocusMarkLayer.swift in Sources */,
				65C9D76E1FE75600002EF1FD /* RSUnifiedCodeGenerator.swift in Sources */,
				65C9D7651FE75600002EF1FD /* RSUnifiedCodeValidator.swift in Sources */,
				65C9D76B1FE75600002EF1FD /* RSCodeGenerator.swift in Sources */,
				65C9D76F1FE75600002EF1FD /* RSCodeLayer.swift in Sources */,
				65C9D7671FE75600002EF1FD /* RSCode39Mod43Generator.swift in Sources */,
				655939C91FDFC1A700E1031C /* ScanHistoryViewController.swift in Sources */,
				65705D2E1FE269F10048D062 /* ScanQRCodeDetailViewController.swift in Sources */,
				6556DD6D1FE0B6C9002AA4EA /* SettingsViewController.swift in Sources */,
				65C9D74A1FE3CE5D002EF1FD /* ScanFaceDetailViewController.swift in Sources */,
				65C9D7701FE75600002EF1FD /* RSCornersLayer.swift in Sources */,
				65C9D7711FE75600002EF1FD /* RSUPCEGenerator.swift in Sources */,
				65C9D7481FE3C88B002EF1FD /* ScanBarCodeDetailViewController.swift in Sources */,
				65C9D7771FE75600002EF1FD /* RSITFGenerator.swift in Sources */,
				65C9D7681FE75600002EF1FD /* RSCode39Generator.swift in Sources */,
				65C9D76A1FE75600002EF1FD /* RSITF14Generator.swift in Sources */,
				65705D2B1FE266F50048D062 /* ScanDetailFactory.swift in Sources */,
				6556DD701FE0C51E002AA4EA /* ScanHistoryTableViewCell.swift in Sources */,
				65C9D7721FE75600002EF1FD /* RSCode93Generator.swift in Sources */,
				655939B51FDFC13E00E1031C /* DevScan.xcdatamodeld in Sources */,
				655939B21FDFC13E00E1031C /* AppDelegate.swift in Sources */,
				655939CB1FDFC34500E1031C /* ScanViewController.swift in Sources */,
				65C9D7641FE75600002EF1FD /* RSEANGenerator.swift in Sources */,
				655939CE1FDFDAF600E1031C /* CoreDataCenter.swift in Sources */,
				65C9D7691FE75600002EF1FD /* RSCodeReaderViewController.swift in Sources */,
				65C9D76D1FE75600002EF1FD /* RSCode128Generator.swift in Sources */,
				65C9D76C1FE75600002EF1FD /* RSCodeDataMatrixGenerator.swift in Sources */,
				65C9D7751FE75600002EF1FD /* RSExtendedCode39Generator.swift in Sources */,
				65705D321FE373580048D062 /* ScanDetailContentTableViewCell.swift in Sources */,
			);
			runOnlyForDeploymentPostprocessing = 0;
		};
/* End PBXSourcesBuildPhase section */

/* Begin PBXVariantGroup section */
		655939BF1FDFC13E00E1031C /* LaunchScreen.storyboard */ = {
			isa = PBXVariantGroup;
			children = (
				655939C01FDFC13E00E1031C /* Base */,
				6556DD6E1FE0C1BD002AA4EA /* zh-Hans */,
			);
			name = LaunchScreen.storyboard;
			sourceTree = "<group>";
		};
/* End PBXVariantGroup section */

/* Begin XCBuildConfiguration section */
		655939C31FDFC13E00E1031C /* Debug */ = {
			isa = XCBuildConfiguration;
			buildSettings = {
				ALWAYS_SEARCH_USER_PATHS = NO;
				CLANG_ANALYZER_LOCALIZABILITY_NONLOCALIZED = YES;
				CLANG_ANALYZER_NONNULL = YES;
				CLANG_ANALYZER_NUMBER_OBJECT_CONVERSION = YES_AGGRESSIVE;
				CLANG_CXX_LANGUAGE_STANDARD = "gnu++14";
				CLANG_CXX_LIBRARY = "libc++";
				CLANG_ENABLE_MODULES = YES;
				CLANG_ENABLE_OBJC_ARC = YES;
				CLANG_WARN_BLOCK_CAPTURE_AUTORELEASING = YES;
				CLANG_WARN_BOOL_CONVERSION = YES;
				CLANG_WARN_COMMA = YES;
				CLANG_WARN_CONSTANT_CONVERSION = YES;
				CLANG_WARN_DIRECT_OBJC_ISA_USAGE = YES_ERROR;
				CLANG_WARN_DOCUMENTATION_COMMENTS = YES;
				CLANG_WARN_EMPTY_BODY = YES;
				CLANG_WARN_ENUM_CONVERSION = YES;
				CLANG_WARN_INFINITE_RECURSION = YES;
				CLANG_WARN_INT_CONVERSION = YES;
				CLANG_WARN_NON_LITERAL_NULL_CONVERSION = YES;
				CLANG_WARN_OBJC_LITERAL_CONVERSION = YES;
				CLANG_WARN_OBJC_ROOT_CLASS = YES_ERROR;
				CLANG_WARN_RANGE_LOOP_ANALYSIS = YES;
				CLANG_WARN_STRICT_PROTOTYPES = YES;
				CLANG_WARN_SUSPICIOUS_MOVE = YES;
				CLANG_WARN_UNGUARDED_AVAILABILITY = YES_AGGRESSIVE;
				CLANG_WARN_UNREACHABLE_CODE = YES;
				CLANG_WARN__DUPLICATE_METHOD_MATCH = YES;
				CODE_SIGN_IDENTITY = "iPhone Developer";
				COPY_PHASE_STRIP = NO;
				DEBUG_INFORMATION_FORMAT = dwarf;
				ENABLE_STRICT_OBJC_MSGSEND = YES;
				ENABLE_TESTABILITY = YES;
				GCC_C_LANGUAGE_STANDARD = gnu11;
				GCC_DYNAMIC_NO_PIC = NO;
				GCC_NO_COMMON_BLOCKS = YES;
				GCC_OPTIMIZATION_LEVEL = 0;
				GCC_PREPROCESSOR_DEFINITIONS = (
					"DEBUG=1",
					"$(inherited)",
				);
				GCC_WARN_64_TO_32_BIT_CONVERSION = YES;
				GCC_WARN_ABOUT_RETURN_TYPE = YES_ERROR;
				GCC_WARN_UNDECLARED_SELECTOR = YES;
				GCC_WARN_UNINITIALIZED_AUTOS = YES_AGGRESSIVE;
				GCC_WARN_UNUSED_FUNCTION = YES;
				GCC_WARN_UNUSED_VARIABLE = YES;
				IPHONEOS_DEPLOYMENT_TARGET = 11.2;
				MTL_ENABLE_DEBUG_INFO = YES;
				ONLY_ACTIVE_ARCH = YES;
				SDKROOT = iphoneos;
				SWIFT_ACTIVE_COMPILATION_CONDITIONS = DEBUG;
				SWIFT_OPTIMIZATION_LEVEL = "-Onone";
			};
			name = Debug;
		};
		655939C41FDFC13E00E1031C /* Release */ = {
			isa = XCBuildConfiguration;
			buildSettings = {
				ALWAYS_SEARCH_USER_PATHS = NO;
				CLANG_ANALYZER_LOCALIZABILITY_NONLOCALIZED = YES;
				CLANG_ANALYZER_NONNULL = YES;
				CLANG_ANALYZER_NUMBER_OBJECT_CONVERSION = YES_AGGRESSIVE;
				CLANG_CXX_LANGUAGE_STANDARD = "gnu++14";
				CLANG_CXX_LIBRARY = "libc++";
				CLANG_ENABLE_MODULES = YES;
				CLANG_ENABLE_OBJC_ARC = YES;
				CLANG_WARN_BLOCK_CAPTURE_AUTORELEASING = YES;
				CLANG_WARN_BOOL_CONVERSION = YES;
				CLANG_WARN_COMMA = YES;
				CLANG_WARN_CONSTANT_CONVERSION = YES;
				CLANG_WARN_DIRECT_OBJC_ISA_USAGE = YES_ERROR;
				CLANG_WARN_DOCUMENTATION_COMMENTS = YES;
				CLANG_WARN_EMPTY_BODY = YES;
				CLANG_WARN_ENUM_CONVERSION = YES;
				CLANG_WARN_INFINITE_RECURSION = YES;
				CLANG_WARN_INT_CONVERSION = YES;
				CLANG_WARN_NON_LITERAL_NULL_CONVERSION = YES;
				CLANG_WARN_OBJC_LITERAL_CONVERSION = YES;
				CLANG_WARN_OBJC_ROOT_CLASS = YES_ERROR;
				CLANG_WARN_RANGE_LOOP_ANALYSIS = YES;
				CLANG_WARN_STRICT_PROTOTYPES = YES;
				CLANG_WARN_SUSPICIOUS_MOVE = YES;
				CLANG_WARN_UNGUARDED_AVAILABILITY = YES_AGGRESSIVE;
				CLANG_WARN_UNREACHABLE_CODE = YES;
				CLANG_WARN__DUPLICATE_METHOD_MATCH = YES;
				CODE_SIGN_IDENTITY = "iPhone Developer";
				COPY_PHASE_STRIP = NO;
				DEBUG_INFORMATION_FORMAT = "dwarf-with-dsym";
				ENABLE_NS_ASSERTIONS = NO;
				ENABLE_STRICT_OBJC_MSGSEND = YES;
				GCC_C_LANGUAGE_STANDARD = gnu11;
				GCC_NO_COMMON_BLOCKS = YES;
				GCC_WARN_64_TO_32_BIT_CONVERSION = YES;
				GCC_WARN_ABOUT_RETURN_TYPE = YES_ERROR;
				GCC_WARN_UNDECLARED_SELECTOR = YES;
				GCC_WARN_UNINITIALIZED_AUTOS = YES_AGGRESSIVE;
				GCC_WARN_UNUSED_FUNCTION = YES;
				GCC_WARN_UNUSED_VARIABLE = YES;
				IPHONEOS_DEPLOYMENT_TARGET = 11.2;
				MTL_ENABLE_DEBUG_INFO = NO;
				SDKROOT = iphoneos;
				SWIFT_OPTIMIZATION_LEVEL = "-Owholemodule";
				VALIDATE_PRODUCT = YES;
			};
			name = Release;
		};
		655939C61FDFC13E00E1031C /* Debug */ = {
			isa = XCBuildConfiguration;
			baseConfigurationReference = 356CFDC9577DBC67487E5064 /* Pods-DevScan.debug.xcconfig */;
			buildSettings = {
				ASSETCATALOG_COMPILER_APPICON_NAME = AppIcon;
				CODE_SIGN_STYLE = Automatic;
				DEVELOPMENT_TEAM = 366K8UG5Q9;
				INFOPLIST_FILE = DevScan/Info.plist;
				IPHONEOS_DEPLOYMENT_TARGET = 10.0;
				LD_RUNPATH_SEARCH_PATHS = "$(inherited) @executable_path/Frameworks";
				PRODUCT_BUNDLE_IDENTIFIER = JD.DevScan;
				PRODUCT_NAME = "$(TARGET_NAME)";
				SWIFT_VERSION = 4.0;
				TARGETED_DEVICE_FAMILY = 1;
			};
			name = Debug;
		};
		655939C71FDFC13E00E1031C /* Release */ = {
			isa = XCBuildConfiguration;
			baseConfigurationReference = 0319923CC21B541E5A8EBD98 /* Pods-DevScan.release.xcconfig */;
			buildSettings = {
				ASSETCATALOG_COMPILER_APPICON_NAME = AppIcon;
				CODE_SIGN_STYLE = Automatic;
				DEVELOPMENT_TEAM = 366K8UG5Q9;
				INFOPLIST_FILE = DevScan/Info.plist;
				IPHONEOS_DEPLOYMENT_TARGET = 10.0;
				LD_RUNPATH_SEARCH_PATHS = "$(inherited) @executable_path/Frameworks";
				PRODUCT_BUNDLE_IDENTIFIER = JD.DevScan;
				PRODUCT_NAME = "$(TARGET_NAME)";
				SWIFT_VERSION = 4.0;
				TARGETED_DEVICE_FAMILY = 1;
			};
			name = Release;
		};
/* End XCBuildConfiguration section */

/* Begin XCConfigurationList section */
		655939A91FDFC13E00E1031C /* Build configuration list for PBXProject "DevScan" */ = {
			isa = XCConfigurationList;
			buildConfigurations = (
				655939C31FDFC13E00E1031C /* Debug */,
				655939C41FDFC13E00E1031C /* Release */,
			);
			defaultConfigurationIsVisible = 0;
			defaultConfigurationName = Release;
		};
		655939C51FDFC13E00E1031C /* Build configuration list for PBXNativeTarget "DevScan" */ = {
			isa = XCConfigurationList;
			buildConfigurations = (
				655939C61FDFC13E00E1031C /* Debug */,
				655939C71FDFC13E00E1031C /* Release */,
			);
			defaultConfigurationIsVisible = 0;
			defaultConfigurationName = Release;
		};
/* End XCConfigurationList section */

/* Begin XCVersionGroup section */
		655939B31FDFC13E00E1031C /* DevScan.xcdatamodeld */ = {
			isa = XCVersionGroup;
			children = (
				655939B41FDFC13E00E1031C /* DevScan.xcdatamodel */,
			);
			currentVersion = 655939B41FDFC13E00E1031C /* DevScan.xcdatamodel */;
			path = DevScan.xcdatamodeld;
			sourceTree = "<group>";
			versionGroupType = wrapper.xcdatamodel;
		};
/* End XCVersionGroup section */
	};
	rootObject = 655939A61FDFC13E00E1031C /* Project object */;
}
